
Microsoft Visual Studio Solution File, Format Version 12.00
# Visual Studio Version 16
VisualStudioVersion = 16.0.30011.22
MinimumVisualStudioVersion = 15.0.26124.0
Project("{E53339B2-1760-4266-BCC7-CA923CBCF16C}") = "docker-compose", "docker-compose.dcproj", "{2081E1F1-6946-47F0-AC7F-5A95DCC93DBC}"
EndProject
Project("{2150E333-8FDC-42A3-9474-1A3956D46DE8}") = "Solution Items", "Solution Items", "{481F4730-89E5-476E-AF29-F29871DD2F1A}"
	ProjectSection(SolutionItems) = preProject
		.env = .env
		NuGet.Config = NuGet.Config
	EndProjectSection
EndProject
Project("{9A19103F-16F7-4668-BE54-9A1E7A4F7556}") = "Transversal.Application", "Transversal\Transversal.Application\Transversal.Application.csproj", "{39B25B4F-FE8D-46D6-B10C-1685804E1764}"
EndProject
Project("{2150E333-8FDC-42A3-9474-1A3956D46DE8}") = "Transversal", "Transversal", "{A0D5DFFB-DEB5-4798-8131-BB4D7AD40326}"
EndProject
Project("{9A19103F-16F7-4668-BE54-9A1E7A4F7556}") = "Transversal.Common", "Transversal\Transversal.Common\Transversal.Common.csproj", "{C6E32F00-12DD-4DBC-AD33-6EBCEA63A9AE}"
EndProject
Project("{9A19103F-16F7-4668-BE54-9A1E7A4F7556}") = "Transversal.Data.EFCore", "Transversal\Transversal.Data.EFCore\Transversal.Data.EFCore.csproj", "{0A01E02B-AFE1-407F-BB4D-80BFC8D33B11}"
EndProject
Project("{9A19103F-16F7-4668-BE54-9A1E7A4F7556}") = "Transversal.Domain", "Transversal\Transversal.Domain\Transversal.Domain.csproj", "{57A835D0-A12E-4660-AE5F-E87ECA603454}"
EndProject
Project("{9A19103F-16F7-4668-BE54-9A1E7A4F7556}") = "Transversal.Web", "Transversal\Transversal.Web\Transversal.Web.csproj", "{8376D870-A1FB-417E-9891-D4E7D53C8DCE}"
EndProject
Project("{9A19103F-16F7-4668-BE54-9A1E7A4F7556}") = "Transversal.Web.API", "Transversal\Transversal.Web.API\Transversal.Web.API.csproj", "{8FEC6167-317D-4953-BA3E-D8F3725F314C}"
EndProject
Project("{2150E333-8FDC-42A3-9474-1A3956D46DE8}") = "Identity", "Identity", "{966BE804-5884-47D4-B209-48AF340CACC2}"
EndProject
Project("{9A19103F-16F7-4668-BE54-9A1E7A4F7556}") = "Services.Identity.STS", "Identity\Services.Identity.STS\Services.Identity.STS.csproj", "{29D81455-80AC-49A9-B485-0432DEBC278A}"
EndProject
Project("{2150E333-8FDC-42A3-9474-1A3956D46DE8}") = "Resources", "Resources", "{4C5F14A1-D144-4493-A0E3-86CFCC52BD2F}"
EndProject
Project("{9A19103F-16F7-4668-BE54-9A1E7A4F7556}") = "Services.Resources.API", "Resources\Services.Resources.API\Services.Resources.API.csproj", "{6F7A735A-38C4-4446-A653-9B468D2E3530}"
EndProject
Project("{9A19103F-16F7-4668-BE54-9A1E7A4F7556}") = "Transversal.Web.Grpc.Client", "Transversal\Transversal.Web.Grpc.Client\Transversal.Web.Grpc.Client.csproj", "{1108A05B-ADAA-4639-8A4C-7CE3962B6A07}"
EndProject
Project("{2150E333-8FDC-42A3-9474-1A3956D46DE8}") = "Kubernetes", "Kubernetes", "{B2C40367-A7BD-40A3-80BC-6C4BDEA2B2D2}"
	ProjectSection(SolutionItems) = preProject
		Kubernetes\getToken.cmd = Kubernetes\getToken.cmd
		Kubernetes\install.ps1 = Kubernetes\install.ps1
		Kubernetes\readmeToKompose.txt = Kubernetes\readmeToKompose.txt
		Kubernetes\start.ps1 = Kubernetes\start.ps1
	EndProjectSection
EndProject
Global
	GlobalSection(SolutionConfigurationPlatforms) = preSolution
		Debug|Any CPU = Debug|Any CPU
		Debug|x64 = Debug|x64
		Debug|x86 = Debug|x86
		Release|Any CPU = Release|Any CPU
		Release|x64 = Release|x64
		Release|x86 = Release|x86
	EndGlobalSection
	GlobalSection(ProjectConfigurationPlatforms) = postSolution
		{2081E1F1-6946-47F0-AC7F-5A95DCC93DBC}.Debug|Any CPU.ActiveCfg = Debug|Any CPU
		{2081E1F1-6946-47F0-AC7F-5A95DCC93DBC}.Debug|Any CPU.Build.0 = Debug|Any CPU
		{2081E1F1-6946-47F0-AC7F-5A95DCC93DBC}.Debug|x64.ActiveCfg = Debug|Any CPU
		{2081E1F1-6946-47F0-AC7F-5A95DCC93DBC}.Debug|x64.Build.0 = Debug|Any CPU
		{2081E1F1-6946-47F0-AC7F-5A95DCC93DBC}.Debug|x86.ActiveCfg = Debug|Any CPU
		{2081E1F1-6946-47F0-AC7F-5A95DCC93DBC}.Debug|x86.Build.0 = Debug|Any CPU
		{2081E1F1-6946-47F0-AC7F-5A95DCC93DBC}.Release|Any CPU.ActiveCfg = Release|Any CPU
		{2081E1F1-6946-47F0-AC7F-5A95DCC93DBC}.Release|Any CPU.Build.0 = Release|Any CPU
		{2081E1F1-6946-47F0-AC7F-5A95DCC93DBC}.Release|x64.ActiveCfg = Release|Any CPU
		{2081E1F1-6946-47F0-AC7F-5A95DCC93DBC}.Release|x64.Build.0 = Release|Any CPU
		{2081E1F1-6946-47F0-AC7F-5A95DCC93DBC}.Release|x86.ActiveCfg = Release|Any CPU
		{2081E1F1-6946-47F0-AC7F-5A95DCC93DBC}.Release|x86.Build.0 = Release|Any CPU
		{39B25B4F-FE8D-46D6-B10C-1685804E1764}.Debug|Any CPU.ActiveCfg = Debug|Any CPU
		{39B25B4F-FE8D-46D6-B10C-1685804E1764}.Debug|Any CPU.Build.0 = Debug|Any CPU
		{39B25B4F-FE8D-46D6-B10C-1685804E1764}.Debug|x64.ActiveCfg = Debug|Any CPU
		{39B25B4F-FE8D-46D6-B10C-1685804E1764}.Debug|x64.Build.0 = Debug|Any CPU
		{39B25B4F-FE8D-46D6-B10C-1685804E1764}.Debug|x86.ActiveCfg = Debug|Any CPU
		{39B25B4F-FE8D-46D6-B10C-1685804E1764}.Debug|x86.Build.0 = Debug|Any CPU
		{39B25B4F-FE8D-46D6-B10C-1685804E1764}.Release|Any CPU.ActiveCfg = Release|Any CPU
		{39B25B4F-FE8D-46D6-B10C-1685804E1764}.Release|Any CPU.Build.0 = Release|Any CPU
		{39B25B4F-FE8D-46D6-B10C-1685804E1764}.Release|x64.ActiveCfg = Release|Any CPU
		{39B25B4F-FE8D-46D6-B10C-1685804E1764}.Release|x64.Build.0 = Release|Any CPU
		{39B25B4F-FE8D-46D6-B10C-1685804E1764}.Release|x86.ActiveCfg = Release|Any CPU
		{39B25B4F-FE8D-46D6-B10C-1685804E1764}.Release|x86.Build.0 = Release|Any CPU
		{C6E32F00-12DD-4DBC-AD33-6EBCEA63A9AE}.Debug|Any CPU.ActiveCfg = Debug|Any CPU
		{C6E32F00-12DD-4DBC-AD33-6EBCEA63A9AE}.Debug|Any CPU.Build.0 = Debug|Any CPU
		{C6E32F00-12DD-4DBC-AD33-6EBCEA63A9AE}.Debug|x64.ActiveCfg = Debug|Any CPU
		{C6E32F00-12DD-4DBC-AD33-6EBCEA63A9AE}.Debug|x64.Build.0 = Debug|Any CPU
		{C6E32F00-12DD-4DBC-AD33-6EBCEA63A9AE}.Debug|x86.ActiveCfg = Debug|Any CPU
		{C6E32F00-12DD-4DBC-AD33-6EBCEA63A9AE}.Debug|x86.Build.0 = Debug|Any CPU
		{C6E32F00-12DD-4DBC-AD33-6EBCEA63A9AE}.Release|Any CPU.ActiveCfg = Release|Any CPU
		{C6E32F00-12DD-4DBC-AD33-6EBCEA63A9AE}.Release|Any CPU.Build.0 = Release|Any CPU
		{C6E32F00-12DD-4DBC-AD33-6EBCEA63A9AE}.Release|x64.ActiveCfg = Release|Any CPU
		{C6E32F00-12DD-4DBC-AD33-6EBCEA63A9AE}.Release|x64.Build.0 = Release|Any CPU
		{C6E32F00-12DD-4DBC-AD33-6EBCEA63A9AE}.Release|x86.ActiveCfg = Release|Any CPU
		{C6E32F00-12DD-4DBC-AD33-6EBCEA63A9AE}.Release|x86.Build.0 = Release|Any CPU
		{0A01E02B-AFE1-407F-BB4D-80BFC8D33B11}.Debug|Any CPU.ActiveCfg = Debug|Any CPU
		{0A01E02B-AFE1-407F-BB4D-80BFC8D33B11}.Debug|Any CPU.Build.0 = Debug|Any CPU
		{0A01E02B-AFE1-407F-BB4D-80BFC8D33B11}.Debug|x64.ActiveCfg = Debug|Any CPU
		{0A01E02B-AFE1-407F-BB4D-80BFC8D33B11}.Debug|x64.Build.0 = Debug|Any CPU
		{0A01E02B-AFE1-407F-BB4D-80BFC8D33B11}.Debug|x86.ActiveCfg = Debug|Any CPU
		{0A01E02B-AFE1-407F-BB4D-80BFC8D33B11}.Debug|x86.Build.0 = Debug|Any CPU
		{0A01E02B-AFE1-407F-BB4D-80BFC8D33B11}.Release|Any CPU.ActiveCfg = Release|Any CPU
		{0A01E02B-AFE1-407F-BB4D-80BFC8D33B11}.Release|Any CPU.Build.0 = Release|Any CPU
		{0A01E02B-AFE1-407F-BB4D-80BFC8D33B11}.Release|x64.ActiveCfg = Release|Any CPU
		{0A01E02B-AFE1-407F-BB4D-80BFC8D33B11}.Release|x64.Build.0 = Release|Any CPU
		{0A01E02B-AFE1-407F-BB4D-80BFC8D33B11}.Release|x86.ActiveCfg = Release|Any CPU
		{0A01E02B-AFE1-407F-BB4D-80BFC8D33B11}.Release|x86.Build.0 = Release|Any CPU
		{57A835D0-A12E-4660-AE5F-E87ECA603454}.Debug|Any CPU.ActiveCfg = Debug|Any CPU
		{57A835D0-A12E-4660-AE5F-E87ECA603454}.Debug|Any CPU.Build.0 = Debug|Any CPU
		{57A835D0-A12E-4660-AE5F-E87ECA603454}.Debug|x64.ActiveCfg = Debug|Any CPU
		{57A835D0-A12E-4660-AE5F-E87ECA603454}.Debug|x64.Build.0 = Debug|Any CPU
		{57A835D0-A12E-4660-AE5F-E87ECA603454}.Debug|x86.ActiveCfg = Debug|Any CPU
		{57A835D0-A12E-4660-AE5F-E87ECA603454}.Debug|x86.Build.0 = Debug|Any CPU
		{57A835D0-A12E-4660-AE5F-E87ECA603454}.Release|Any CPU.ActiveCfg = Release|Any CPU
		{57A835D0-A12E-4660-AE5F-E87ECA603454}.Release|Any CPU.Build.0 = Release|Any CPU
		{57A835D0-A12E-4660-AE5F-E87ECA603454}.Release|x64.ActiveCfg = Release|Any CPU
		{57A835D0-A12E-4660-AE5F-E87ECA603454}.Release|x64.Build.0 = Release|Any CPU
		{57A835D0-A12E-4660-AE5F-E87ECA603454}.Release|x86.ActiveCfg = Release|Any CPU
		{57A835D0-A12E-4660-AE5F-E87ECA603454}.Release|x86.Build.0 = Release|Any CPU
		{8376D870-A1FB-417E-9891-D4E7D53C8DCE}.Debug|Any CPU.ActiveCfg = Debug|Any CPU
		{8376D870-A1FB-417E-9891-D4E7D53C8DCE}.Debug|Any CPU.Build.0 = Debug|Any CPU
		{8376D870-A1FB-417E-9891-D4E7D53C8DCE}.Debug|x64.ActiveCfg = Debug|Any CPU
		{8376D870-A1FB-417E-9891-D4E7D53C8DCE}.Debug|x64.Build.0 = Debug|Any CPU
		{8376D870-A1FB-417E-9891-D4E7D53C8DCE}.Debug|x86.ActiveCfg = Debug|Any CPU
		{8376D870-A1FB-417E-9891-D4E7D53C8DCE}.Debug|x86.Build.0 = Debug|Any CPU
		{8376D870-A1FB-417E-9891-D4E7D53C8DCE}.Release|Any CPU.ActiveCfg = Release|Any CPU
		{8376D870-A1FB-417E-9891-D4E7D53C8DCE}.Release|Any CPU.Build.0 = Release|Any CPU
		{8376D870-A1FB-417E-9891-D4E7D53C8DCE}.Release|x64.ActiveCfg = Release|Any CPU
		{8376D870-A1FB-417E-9891-D4E7D53C8DCE}.Release|x64.Build.0 = Release|Any CPU
		{8376D870-A1FB-417E-9891-D4E7D53C8DCE}.Release|x86.ActiveCfg = Release|Any CPU
		{8376D870-A1FB-417E-9891-D4E7D53C8DCE}.Release|x86.Build.0 = Release|Any CPU
		{8FEC6167-317D-4953-BA3E-D8F3725F314C}.Debug|Any CPU.ActiveCfg = Debug|Any CPU
		{8FEC6167-317D-4953-BA3E-D8F3725F314C}.Debug|Any CPU.Build.0 = Debug|Any CPU
		{8FEC6167-317D-4953-BA3E-D8F3725F314C}.Debug|x64.ActiveCfg = Debug|Any CPU
		{8FEC6167-317D-4953-BA3E-D8F3725F314C}.Debug|x64.Build.0 = Debug|Any CPU
		{8FEC6167-317D-4953-BA3E-D8F3725F314C}.Debug|x86.ActiveCfg = Debug|Any CPU
		{8FEC6167-317D-4953-BA3E-D8F3725F314C}.Debug|x86.Build.0 = Debug|Any CPU
		{8FEC6167-317D-4953-BA3E-D8F3725F314C}.Release|Any CPU.ActiveCfg = Release|Any CPU
		{8FEC6167-317D-4953-BA3E-D8F3725F314C}.Release|Any CPU.Build.0 = Release|Any CPU
		{8FEC6167-317D-4953-BA3E-D8F3725F314C}.Release|x64.ActiveCfg = Release|Any CPU
		{8FEC6167-317D-4953-BA3E-D8F3725F314C}.Release|x64.Build.0 = Release|Any CPU
		{8FEC6167-317D-4953-BA3E-D8F3725F314C}.Release|x86.ActiveCfg = Release|Any CPU
		{8FEC6167-317D-4953-BA3E-D8F3725F314C}.Release|x86.Build.0 = Release|Any CPU
		{29D81455-80AC-49A9-B485-0432DEBC278A}.Debug|Any CPU.ActiveCfg = Debug|Any CPU
		{29D81455-80AC-49A9-B485-0432DEBC278A}.Debug|Any CPU.Build.0 = Debug|Any CPU
		{29D81455-80AC-49A9-B485-0432DEBC278A}.Debug|x64.ActiveCfg = Debug|Any CPU
		{29D81455-80AC-49A9-B485-0432DEBC278A}.Debug|x64.Build.0 = Debug|Any CPU
		{29D81455-80AC-49A9-B485-0432DEBC278A}.Debug|x86.ActiveCfg = Debug|Any CPU
		{29D81455-80AC-49A9-B485-0432DEBC278A}.Debug|x86.Build.0 = Debug|Any CPU
		{29D81455-80AC-49A9-B485-0432DEBC278A}.Release|Any CPU.ActiveCfg = Release|Any CPU
		{29D81455-80AC-49A9-B485-0432DEBC278A}.Release|Any CPU.Build.0 = Release|Any CPU
		{29D81455-80AC-49A9-B485-0432DEBC278A}.Release|x64.ActiveCfg = Release|Any CPU
		{29D81455-80AC-49A9-B485-0432DEBC278A}.Release|x64.Build.0 = Release|Any CPU
		{29D81455-80AC-49A9-B485-0432DEBC278A}.Release|x86.ActiveCfg = Release|Any CPU
		{29D81455-80AC-49A9-B485-0432DEBC278A}.Release|x86.Build.0 = Release|Any CPU
		{6F7A735A-38C4-4446-A653-9B468D2E3530}.Debug|Any CPU.ActiveCfg = Debug|Any CPU
		{6F7A735A-38C4-4446-A653-9B468D2E3530}.Debug|Any CPU.Build.0 = Debug|Any CPU
		{6F7A735A-38C4-4446-A653-9B468D2E3530}.Debug|x64.ActiveCfg = Debug|Any CPU
		{6F7A735A-38C4-4446-A653-9B468D2E3530}.Debug|x64.Build.0 = Debug|Any CPU
		{6F7A735A-38C4-4446-A653-9B468D2E3530}.Debug|x86.ActiveCfg = Debug|Any CPU
		{6F7A735A-38C4-4446-A653-9B468D2E3530}.Debug|x86.Build.0 = Debug|Any CPU
		{6F7A735A-38C4-4446-A653-9B468D2E3530}.Release|Any CPU.ActiveCfg = Release|Any CPU
		{6F7A735A-38C4-4446-A653-9B468D2E3530}.Release|Any CPU.Build.0 = Release|Any CPU
		{6F7A735A-38C4-4446-A653-9B468D2E3530}.Release|x64.ActiveCfg = Release|Any CPU
		{6F7A735A-38C4-4446-A653-9B468D2E3530}.Release|x64.Build.0 = Release|Any CPU
		{6F7A735A-38C4-4446-A653-9B468D2E3530}.Release|x86.ActiveCfg = Release|Any CPU
		{6F7A735A-38C4-4446-A653-9B468D2E3530}.Release|x86.Build.0 = Release|Any CPU
		{1108A05B-ADAA-4639-8A4C-7CE3962B6A07}.Debug|Any CPU.ActiveCfg = Debug|Any CPU
		{1108A05B-ADAA-4639-8A4C-7CE3962B6A07}.Debug|Any CPU.Build.0 = Debug|Any CPU
		{1108A05B-ADAA-4639-8A4C-7CE3962B6A07}.Debug|x64.ActiveCfg = Debug|Any CPU
		{1108A05B-ADAA-4639-8A4C-7CE3962B6A07}.Debug|x64.Build.0 = Debug|Any CPU
		{1108A05B-ADAA-4639-8A4C-7CE3962B6A07}.Debug|x86.ActiveCfg = Debug|Any CPU
		{1108A05B-ADAA-4639-8A4C-7CE3962B6A07}.Debug|x86.Build.0 = Debug|Any CPU
		{1108A05B-ADAA-4639-8A4C-7CE3962B6A07}.Release|Any CPU.ActiveCfg = Release|Any CPU
		{1108A05B-ADAA-4639-8A4C-7CE3962B6A07}.Release|Any CPU.Build.0 = Release|Any CPU
		{1108A05B-ADAA-4639-8A4C-7CE3962B6A07}.Release|x64.ActiveCfg = Release|Any CPU
		{1108A05B-ADAA-4639-8A4C-7CE3962B6A07}.Release|x64.Build.0 = Release|Any CPU
		{1108A05B-ADAA-4639-8A4C-7CE3962B6A07}.Release|x86.ActiveCfg = Release|Any CPU
		{1108A05B-ADAA-4639-8A4C-7CE3962B6A07}.Release|x86.Build.0 = Release|Any CPU
	EndGlobalSection
	GlobalSection(SolutionProperties) = preSolution
		HideSolutionNode = FALSE
	EndGlobalSection
	GlobalSection(NestedProjects) = preSolution
		{39B25B4F-FE8D-46D6-B10C-1685804E1764} = {A0D5DFFB-DEB5-4798-8131-BB4D7AD40326}
		{C6E32F00-12DD-4DBC-AD33-6EBCEA63A9AE} = {A0D5DFFB-DEB5-4798-8131-BB4D7AD40326}
		{0A01E02B-AFE1-407F-BB4D-80BFC8D33B11} = {A0D5DFFB-DEB5-4798-8131-BB4D7AD40326}
		{57A835D0-A12E-4660-AE5F-E87ECA603454} = {A0D5DFFB-DEB5-4798-8131-BB4D7AD40326}
		{8376D870-A1FB-417E-9891-D4E7D53C8DCE} = {A0D5DFFB-DEB5-4798-8131-BB4D7AD40326}
		{8FEC6167-317D-4953-BA3E-D8F3725F314C} = {A0D5DFFB-DEB5-4798-8131-BB4D7AD40326}
		{29D81455-80AC-49A9-B485-0432DEBC278A} = {966BE804-5884-47D4-B209-48AF340CACC2}
		{6F7A735A-38C4-4446-A653-9B468D2E3530} = {4C5F14A1-D144-4493-A0E3-86CFCC52BD2F}
		{1108A05B-ADAA-4639-8A4C-7CE3962B6A07} = {A0D5DFFB-DEB5-4798-8131-BB4D7AD40326}
	EndGlobalSection
	GlobalSection(ExtensibilityGlobals) = postSolution
		SolutionGuid = {54078613-856C-48CD-AF60-6568241150CF}
	EndGlobalSection
EndGlobal
