
Microsoft Visual Studio Solution File, Format Version 12.00
# Visual Studio 15
VisualStudioVersion = 15.0.26124.0
MinimumVisualStudioVersion = 15.0.26124.0
Project("{2150E333-8FDC-42A3-9474-1A3956D46DE8}") = "Services", "Services", "{535D2AFC-9020-48A1-938F-5E5C6474FA23}"
EndProject
Project("{2150E333-8FDC-42A3-9474-1A3956D46DE8}") = "Identity", "Identity", "{FE166CE6-4C36-48B9-8D14-A1CBBC15BBC8}"
EndProject
Project("{FAE04EC0-301F-11D3-BF4B-00C04F79EFBC}") = "Services.Identity.STS", "Services\Identity\Services.Identity.STS\Services.Identity.STS.csproj", "{5978959F-00D9-47DD-A85C-45E6419AACFE}"
EndProject
Project("{2150E333-8FDC-42A3-9474-1A3956D46DE8}") = "Localization", "Localization", "{2E57D151-A1A9-4447-85AA-4B5E00BD23C7}"
EndProject
Project("{FAE04EC0-301F-11D3-BF4B-00C04F79EFBC}") = "Services.Localization.API", "Services\Localization\Services.Localization.API\Services.Localization.API.csproj", "{E9AC58EB-97DC-4640-8333-A43E2F0C5FB0}"
EndProject
Project("{2150E333-8FDC-42A3-9474-1A3956D46DE8}") = "Infrastructure", "Infrastructure", "{CF62A032-733C-4B0E-B0EB-2D4FACA82E6A}"
EndProject
Project("{FAE04EC0-301F-11D3-BF4B-00C04F79EFBC}") = "Infrastructure.Web", "Services\Infrastructure\Infrastructure.Web\Infrastructure.Web.csproj", "{AB1976CC-4680-4072-BC1B-3910AC7826BA}"
EndProject
Project("{FAE04EC0-301F-11D3-BF4B-00C04F79EFBC}") = "Infrastructure.Web.API", "Services\Infrastructure\Infrastructure.Web.API\Infrastructure.Web.API.csproj", "{E9E2AEB5-16C6-4EC4-AF8E-7AF5E90B7A61}"
EndProject
Global
	GlobalSection(SolutionConfigurationPlatforms) = preSolution
		Debug|Any CPU = Debug|Any CPU
		Debug|x64 = Debug|x64
		Debug|x86 = Debug|x86
		Release|Any CPU = Release|Any CPU
		Release|x64 = Release|x64
		Release|x86 = Release|x86
	EndGlobalSection
	GlobalSection(SolutionProperties) = preSolution
		HideSolutionNode = FALSE
	EndGlobalSection
	GlobalSection(ProjectConfigurationPlatforms) = postSolution
		{5978959F-00D9-47DD-A85C-45E6419AACFE}.Debug|Any CPU.ActiveCfg = Debug|Any CPU
		{5978959F-00D9-47DD-A85C-45E6419AACFE}.Debug|Any CPU.Build.0 = Debug|Any CPU
		{5978959F-00D9-47DD-A85C-45E6419AACFE}.Debug|x64.ActiveCfg = Debug|Any CPU
		{5978959F-00D9-47DD-A85C-45E6419AACFE}.Debug|x64.Build.0 = Debug|Any CPU
		{5978959F-00D9-47DD-A85C-45E6419AACFE}.Debug|x86.ActiveCfg = Debug|Any CPU
		{5978959F-00D9-47DD-A85C-45E6419AACFE}.Debug|x86.Build.0 = Debug|Any CPU
		{5978959F-00D9-47DD-A85C-45E6419AACFE}.Release|Any CPU.ActiveCfg = Release|Any CPU
		{5978959F-00D9-47DD-A85C-45E6419AACFE}.Release|Any CPU.Build.0 = Release|Any CPU
		{5978959F-00D9-47DD-A85C-45E6419AACFE}.Release|x64.ActiveCfg = Release|Any CPU
		{5978959F-00D9-47DD-A85C-45E6419AACFE}.Release|x64.Build.0 = Release|Any CPU
		{5978959F-00D9-47DD-A85C-45E6419AACFE}.Release|x86.ActiveCfg = Release|Any CPU
		{5978959F-00D9-47DD-A85C-45E6419AACFE}.Release|x86.Build.0 = Release|Any CPU
		{E9AC58EB-97DC-4640-8333-A43E2F0C5FB0}.Debug|Any CPU.ActiveCfg = Debug|Any CPU
		{E9AC58EB-97DC-4640-8333-A43E2F0C5FB0}.Debug|Any CPU.Build.0 = Debug|Any CPU
		{E9AC58EB-97DC-4640-8333-A43E2F0C5FB0}.Debug|x64.ActiveCfg = Debug|Any CPU
		{E9AC58EB-97DC-4640-8333-A43E2F0C5FB0}.Debug|x64.Build.0 = Debug|Any CPU
		{E9AC58EB-97DC-4640-8333-A43E2F0C5FB0}.Debug|x86.ActiveCfg = Debug|Any CPU
		{E9AC58EB-97DC-4640-8333-A43E2F0C5FB0}.Debug|x86.Build.0 = Debug|Any CPU
		{E9AC58EB-97DC-4640-8333-A43E2F0C5FB0}.Release|Any CPU.ActiveCfg = Release|Any CPU
		{E9AC58EB-97DC-4640-8333-A43E2F0C5FB0}.Release|Any CPU.Build.0 = Release|Any CPU
		{E9AC58EB-97DC-4640-8333-A43E2F0C5FB0}.Release|x64.ActiveCfg = Release|Any CPU
		{E9AC58EB-97DC-4640-8333-A43E2F0C5FB0}.Release|x64.Build.0 = Release|Any CPU
		{E9AC58EB-97DC-4640-8333-A43E2F0C5FB0}.Release|x86.ActiveCfg = Release|Any CPU
		{E9AC58EB-97DC-4640-8333-A43E2F0C5FB0}.Release|x86.Build.0 = Release|Any CPU
		{AB1976CC-4680-4072-BC1B-3910AC7826BA}.Debug|Any CPU.ActiveCfg = Debug|Any CPU
		{AB1976CC-4680-4072-BC1B-3910AC7826BA}.Debug|Any CPU.Build.0 = Debug|Any CPU
		{AB1976CC-4680-4072-BC1B-3910AC7826BA}.Debug|x64.ActiveCfg = Debug|Any CPU
		{AB1976CC-4680-4072-BC1B-3910AC7826BA}.Debug|x64.Build.0 = Debug|Any CPU
		{AB1976CC-4680-4072-BC1B-3910AC7826BA}.Debug|x86.ActiveCfg = Debug|Any CPU
		{AB1976CC-4680-4072-BC1B-3910AC7826BA}.Debug|x86.Build.0 = Debug|Any CPU
		{AB1976CC-4680-4072-BC1B-3910AC7826BA}.Release|Any CPU.ActiveCfg = Release|Any CPU
		{AB1976CC-4680-4072-BC1B-3910AC7826BA}.Release|Any CPU.Build.0 = Release|Any CPU
		{AB1976CC-4680-4072-BC1B-3910AC7826BA}.Release|x64.ActiveCfg = Release|Any CPU
		{AB1976CC-4680-4072-BC1B-3910AC7826BA}.Release|x64.Build.0 = Release|Any CPU
		{AB1976CC-4680-4072-BC1B-3910AC7826BA}.Release|x86.ActiveCfg = Release|Any CPU
		{AB1976CC-4680-4072-BC1B-3910AC7826BA}.Release|x86.Build.0 = Release|Any CPU
		{E9E2AEB5-16C6-4EC4-AF8E-7AF5E90B7A61}.Debug|Any CPU.ActiveCfg = Debug|Any CPU
		{E9E2AEB5-16C6-4EC4-AF8E-7AF5E90B7A61}.Debug|Any CPU.Build.0 = Debug|Any CPU
		{E9E2AEB5-16C6-4EC4-AF8E-7AF5E90B7A61}.Debug|x64.ActiveCfg = Debug|Any CPU
		{E9E2AEB5-16C6-4EC4-AF8E-7AF5E90B7A61}.Debug|x64.Build.0 = Debug|Any CPU
		{E9E2AEB5-16C6-4EC4-AF8E-7AF5E90B7A61}.Debug|x86.ActiveCfg = Debug|Any CPU
		{E9E2AEB5-16C6-4EC4-AF8E-7AF5E90B7A61}.Debug|x86.Build.0 = Debug|Any CPU
		{E9E2AEB5-16C6-4EC4-AF8E-7AF5E90B7A61}.Release|Any CPU.ActiveCfg = Release|Any CPU
		{E9E2AEB5-16C6-4EC4-AF8E-7AF5E90B7A61}.Release|Any CPU.Build.0 = Release|Any CPU
		{E9E2AEB5-16C6-4EC4-AF8E-7AF5E90B7A61}.Release|x64.ActiveCfg = Release|Any CPU
		{E9E2AEB5-16C6-4EC4-AF8E-7AF5E90B7A61}.Release|x64.Build.0 = Release|Any CPU
		{E9E2AEB5-16C6-4EC4-AF8E-7AF5E90B7A61}.Release|x86.ActiveCfg = Release|Any CPU
		{E9E2AEB5-16C6-4EC4-AF8E-7AF5E90B7A61}.Release|x86.Build.0 = Release|Any CPU
	EndGlobalSection
	GlobalSection(NestedProjects) = preSolution
		{FE166CE6-4C36-48B9-8D14-A1CBBC15BBC8} = {535D2AFC-9020-48A1-938F-5E5C6474FA23}
		{5978959F-00D9-47DD-A85C-45E6419AACFE} = {FE166CE6-4C36-48B9-8D14-A1CBBC15BBC8}
		{2E57D151-A1A9-4447-85AA-4B5E00BD23C7} = {535D2AFC-9020-48A1-938F-5E5C6474FA23}
		{E9AC58EB-97DC-4640-8333-A43E2F0C5FB0} = {2E57D151-A1A9-4447-85AA-4B5E00BD23C7}
		{CF62A032-733C-4B0E-B0EB-2D4FACA82E6A} = {535D2AFC-9020-48A1-938F-5E5C6474FA23}
		{AB1976CC-4680-4072-BC1B-3910AC7826BA} = {CF62A032-733C-4B0E-B0EB-2D4FACA82E6A}
		{E9E2AEB5-16C6-4EC4-AF8E-7AF5E90B7A61} = {CF62A032-733C-4B0E-B0EB-2D4FACA82E6A}
	EndGlobalSection
EndGlobal
